// !$*UTF8*$!
{
	archiveVersion = 1;
	classes = {
	};
	objectVersion = 55;
	objects = {

/* Begin PBXBuildFile section */
		98426FAA27A6EC8700B09645 /* TabBarController.swift in Sources */ = {isa = PBXBuildFile; fileRef = 98426FA927A6EC8700B09645 /* TabBarController.swift */; };
		98426FAC27A6FC8000B09645 /* UserProfileHeaderView.swift in Sources */ = {isa = PBXBuildFile; fileRef = 98426FAB27A6FC8000B09645 /* UserProfileHeaderView.swift */; };
		98584A6D277E32C30028DBEA /* AppDelegate.swift in Sources */ = {isa = PBXBuildFile; fileRef = 98584A6C277E32C30028DBEA /* AppDelegate.swift */; };
		98584A6F277E32C30028DBEA /* SceneDelegate.swift in Sources */ = {isa = PBXBuildFile; fileRef = 98584A6E277E32C30028DBEA /* SceneDelegate.swift */; };
		98584A76277E32C50028DBEA /* Assets.xcassets in Resources */ = {isa = PBXBuildFile; fileRef = 98584A75277E32C50028DBEA /* Assets.xcassets */; };
		98584A79277E32C50028DBEA /* LaunchScreen.storyboard in Resources */ = {isa = PBXBuildFile; fileRef = 98584A77277E32C50028DBEA /* LaunchScreen.storyboard */; };
		98584A84277E32C60028DBEA /* FinanceAppTests.swift in Sources */ = {isa = PBXBuildFile; fileRef = 98584A83277E32C60028DBEA /* FinanceAppTests.swift */; };
		98584AA5277E35E90028DBEA /* HomeViewController.swift in Sources */ = {isa = PBXBuildFile; fileRef = 98584AA4277E35E90028DBEA /* HomeViewController.swift */; };
		98584AA7277E35F10028DBEA /* HomeView.swift in Sources */ = {isa = PBXBuildFile; fileRef = 98584AA6277E35F10028DBEA /* HomeView.swift */; };
		98584AC3277E42E80028DBEA /* FinanceService.swift in Sources */ = {isa = PBXBuildFile; fileRef = 98584AC2277E42E80028DBEA /* FinanceService.swift */; };
		98584AE7277E50430028DBEA /* TransfersView.swift in Sources */ = {isa = PBXBuildFile; fileRef = 98584AD3277E50430028DBEA /* TransfersView.swift */; };
		98584AE8277E50430028DBEA /* TransfersViewController.swift in Sources */ = {isa = PBXBuildFile; fileRef = 98584AD4277E50430028DBEA /* TransfersViewController.swift */; };
		98584AED277E50430028DBEA /* UserProfileView.swift in Sources */ = {isa = PBXBuildFile; fileRef = 98584ADA277E50430028DBEA /* UserProfileView.swift */; };
		98584AEE277E50430028DBEA /* UserProfileViewController.swift in Sources */ = {isa = PBXBuildFile; fileRef = 98584ADB277E50430028DBEA /* UserProfileViewController.swift */; };
		98584AF3277E50430028DBEA /* ConfirmationView.swift in Sources */ = {isa = PBXBuildFile; fileRef = 98584AE1277E50430028DBEA /* ConfirmationView.swift */; };
		98584AF4277E50430028DBEA /* ConfirmationViewController.swift in Sources */ = {isa = PBXBuildFile; fileRef = 98584AE2277E50430028DBEA /* ConfirmationViewController.swift */; };
		98584AFA277E51850028DBEA /* HomeHeaderView.swift in Sources */ = {isa = PBXBuildFile; fileRef = 98584AF9277E51850028DBEA /* HomeHeaderView.swift */; };
		98584AFC277E51960028DBEA /* ActivityCellView.swift in Sources */ = {isa = PBXBuildFile; fileRef = 98584AFB277E51960028DBEA /* ActivityCellView.swift */; };
		98584AFE277E51A70028DBEA /* ActivityListView.swift in Sources */ = {isa = PBXBuildFile; fileRef = 98584AFD277E51A70028DBEA /* ActivityListView.swift */; };
		98584B04277E51DA0028DBEA /* ContactCellView.swift in Sources */ = {isa = PBXBuildFile; fileRef = 98584B03277E51DA0028DBEA /* ContactCellView.swift */; };
		98584B10277E605F0028DBEA /* ActivityDetailsViewController.swift in Sources */ = {isa = PBXBuildFile; fileRef = 98584B0A277E605F0028DBEA /* ActivityDetailsViewController.swift */; };
		98584B14277E605F0028DBEA /* ActivityDetailsView.swift in Sources */ = {isa = PBXBuildFile; fileRef = 98584B0E277E605F0028DBEA /* ActivityDetailsView.swift */; };
		98584B1F277E60740028DBEA /* ContactListView.swift in Sources */ = {isa = PBXBuildFile; fileRef = 98584B19277E60740028DBEA /* ContactListView.swift */; };
		98584B20277E60740028DBEA /* ContactListViewController.swift in Sources */ = {isa = PBXBuildFile; fileRef = 98584B1A277E60740028DBEA /* ContactListViewController.swift */; };
		B17172A028900C2800356D21 /* AnimatorProtocol.swift in Sources */ = {isa = PBXBuildFile; fileRef = B171729F28900C2800356D21 /* AnimatorProtocol.swift */; };
		B17172A528900C5900356D21 /* FadeAnimatorProtocol.swift in Sources */ = {isa = PBXBuildFile; fileRef = B17172A428900C5900356D21 /* FadeAnimatorProtocol.swift */; };
		B17172A728900C6700356D21 /* AnimationStage.swift in Sources */ = {isa = PBXBuildFile; fileRef = B17172A628900C6700356D21 /* AnimationStage.swift */; };
		B17172A928900C7700356D21 /* FadeAnimator.swift in Sources */ = {isa = PBXBuildFile; fileRef = B17172A828900C7700356D21 /* FadeAnimator.swift */; };
		B17172AB28900C9400356D21 /* PositionAnimatorProtocol.swift in Sources */ = {isa = PBXBuildFile; fileRef = B17172AA28900C9400356D21 /* PositionAnimatorProtocol.swift */; };
		B17172AD28900CA700356D21 /* PositionAnimator.swift in Sources */ = {isa = PBXBuildFile; fileRef = B17172AC28900CA700356D21 /* PositionAnimator.swift */; };
		B17172AF2890113500356D21 /* VerticalPosition.swift in Sources */ = {isa = PBXBuildFile; fileRef = B17172AE2890113500356D21 /* VerticalPosition.swift */; };
		B17172B22890134900356D21 /* UIColor+Extensions.swift in Sources */ = {isa = PBXBuildFile; fileRef = B17172B12890134900356D21 /* UIColor+Extensions.swift */; };
		B17172B5289018DE00356D21 /* Snackbar+Constant.swift in Sources */ = {isa = PBXBuildFile; fileRef = B17172B4289018DD00356D21 /* Snackbar+Constant.swift */; };
		B17172B7289018F700356D21 /* Snackbar+State.swift in Sources */ = {isa = PBXBuildFile; fileRef = B17172B6289018F700356D21 /* Snackbar+State.swift */; };
		B17172BF28905D4B00356D21 /* LoadableButton.swift in Sources */ = {isa = PBXBuildFile; fileRef = B17172BE28905D4B00356D21 /* LoadableButton.swift */; };
		B17172C128905D6600356D21 /* MainButton+State.swift in Sources */ = {isa = PBXBuildFile; fileRef = B17172C028905D6600356D21 /* MainButton+State.swift */; };
		B17172C62890602E00356D21 /* devpass_button_loading.json in Resources */ = {isa = PBXBuildFile; fileRef = B17172C52890602E00356D21 /* devpass_button_loading.json */; };
		B17172D32892324400356D21 /* LottieFiles.swift in Sources */ = {isa = PBXBuildFile; fileRef = B17172D22892324400356D21 /* LottieFiles.swift */; };
		B187BC2E28934EF1008A2FBA /* ViewCodeProtocol.swift in Sources */ = {isa = PBXBuildFile; fileRef = B187BC2D28934EF1008A2FBA /* ViewCodeProtocol.swift */; };
		B1C69DAF288F5A05002896BB /* Snackbar.swift in Sources */ = {isa = PBXBuildFile; fileRef = B1C69DAE288F5A05002896BB /* Snackbar.swift */; };
		B1C69DB5288F6F25002896BB /* SFSymbols.swift in Sources */ = {isa = PBXBuildFile; fileRef = B1C69DB4288F6F25002896BB /* SFSymbols.swift */; };
		FDEAC041288F2FAD00206550 /* Hero in Frameworks */ = {isa = PBXBuildFile; productRef = FDEAC040288F2FAD00206550 /* Hero */; };
		FDEAC044288F2FE700206550 /* Lottie in Frameworks */ = {isa = PBXBuildFile; productRef = FDEAC043288F2FE700206550 /* Lottie */; };
		FDEAC047288F2FF700206550 /* Cartography in Frameworks */ = {isa = PBXBuildFile; productRef = FDEAC046288F2FF700206550 /* Cartography */; };
/* End PBXBuildFile section */

/* Begin PBXContainerItemProxy section */
		98584A80277E32C60028DBEA /* PBXContainerItemProxy */ = {
			isa = PBXContainerItemProxy;
			containerPortal = 98584A61277E32C30028DBEA /* Project object */;
			proxyType = 1;
			remoteGlobalIDString = 98584A68277E32C30028DBEA;
			remoteInfo = FinanceApp;
		};
/* End PBXContainerItemProxy section */

/* Begin PBXFileReference section */
		98426FA927A6EC8700B09645 /* TabBarController.swift */ = {isa = PBXFileReference; lastKnownFileType = sourcecode.swift; path = TabBarController.swift; sourceTree = "<group>"; };
		98426FAB27A6FC8000B09645 /* UserProfileHeaderView.swift */ = {isa = PBXFileReference; lastKnownFileType = sourcecode.swift; path = UserProfileHeaderView.swift; sourceTree = "<group>"; };
		98584A69277E32C30028DBEA /* FinanceApp.app */ = {isa = PBXFileReference; explicitFileType = wrapper.application; includeInIndex = 0; path = FinanceApp.app; sourceTree = BUILT_PRODUCTS_DIR; };
		98584A6C277E32C30028DBEA /* AppDelegate.swift */ = {isa = PBXFileReference; lastKnownFileType = sourcecode.swift; path = AppDelegate.swift; sourceTree = "<group>"; };
		98584A6E277E32C30028DBEA /* SceneDelegate.swift */ = {isa = PBXFileReference; lastKnownFileType = sourcecode.swift; path = SceneDelegate.swift; sourceTree = "<group>"; };
		98584A75277E32C50028DBEA /* Assets.xcassets */ = {isa = PBXFileReference; lastKnownFileType = folder.assetcatalog; path = Assets.xcassets; sourceTree = "<group>"; };
		98584A78277E32C50028DBEA /* Base */ = {isa = PBXFileReference; lastKnownFileType = file.storyboard; name = Base; path = Base.lproj/LaunchScreen.storyboard; sourceTree = "<group>"; };
		98584A7A277E32C50028DBEA /* Info.plist */ = {isa = PBXFileReference; lastKnownFileType = text.plist.xml; path = Info.plist; sourceTree = "<group>"; };
		98584A7F277E32C60028DBEA /* FinanceAppTests.xctest */ = {isa = PBXFileReference; explicitFileType = wrapper.cfbundle; includeInIndex = 0; path = FinanceAppTests.xctest; sourceTree = BUILT_PRODUCTS_DIR; };
		98584A83277E32C60028DBEA /* FinanceAppTests.swift */ = {isa = PBXFileReference; lastKnownFileType = sourcecode.swift; path = FinanceAppTests.swift; sourceTree = "<group>"; };
		98584AA4277E35E90028DBEA /* HomeViewController.swift */ = {isa = PBXFileReference; lastKnownFileType = sourcecode.swift; path = HomeViewController.swift; sourceTree = "<group>"; };
		98584AA6277E35F10028DBEA /* HomeView.swift */ = {isa = PBXFileReference; lastKnownFileType = sourcecode.swift; path = HomeView.swift; sourceTree = "<group>"; };
		98584AC2277E42E80028DBEA /* FinanceService.swift */ = {isa = PBXFileReference; lastKnownFileType = sourcecode.swift; path = FinanceService.swift; sourceTree = "<group>"; };
		98584AD3277E50430028DBEA /* TransfersView.swift */ = {isa = PBXFileReference; fileEncoding = 4; lastKnownFileType = sourcecode.swift; path = TransfersView.swift; sourceTree = "<group>"; };
		98584AD4277E50430028DBEA /* TransfersViewController.swift */ = {isa = PBXFileReference; fileEncoding = 4; lastKnownFileType = sourcecode.swift; path = TransfersViewController.swift; sourceTree = "<group>"; };
		98584ADA277E50430028DBEA /* UserProfileView.swift */ = {isa = PBXFileReference; fileEncoding = 4; lastKnownFileType = sourcecode.swift; path = UserProfileView.swift; sourceTree = "<group>"; };
		98584ADB277E50430028DBEA /* UserProfileViewController.swift */ = {isa = PBXFileReference; fileEncoding = 4; lastKnownFileType = sourcecode.swift; path = UserProfileViewController.swift; sourceTree = "<group>"; };
		98584AE1277E50430028DBEA /* ConfirmationView.swift */ = {isa = PBXFileReference; fileEncoding = 4; lastKnownFileType = sourcecode.swift; path = ConfirmationView.swift; sourceTree = "<group>"; };
		98584AE2277E50430028DBEA /* ConfirmationViewController.swift */ = {isa = PBXFileReference; fileEncoding = 4; lastKnownFileType = sourcecode.swift; path = ConfirmationViewController.swift; sourceTree = "<group>"; };
		98584AF9277E51850028DBEA /* HomeHeaderView.swift */ = {isa = PBXFileReference; lastKnownFileType = sourcecode.swift; path = HomeHeaderView.swift; sourceTree = "<group>"; };
		98584AFB277E51960028DBEA /* ActivityCellView.swift */ = {isa = PBXFileReference; lastKnownFileType = sourcecode.swift; path = ActivityCellView.swift; sourceTree = "<group>"; };
		98584AFD277E51A70028DBEA /* ActivityListView.swift */ = {isa = PBXFileReference; lastKnownFileType = sourcecode.swift; path = ActivityListView.swift; sourceTree = "<group>"; };
		98584B03277E51DA0028DBEA /* ContactCellView.swift */ = {isa = PBXFileReference; lastKnownFileType = sourcecode.swift; path = ContactCellView.swift; sourceTree = "<group>"; };
		98584B0A277E605F0028DBEA /* ActivityDetailsViewController.swift */ = {isa = PBXFileReference; fileEncoding = 4; lastKnownFileType = sourcecode.swift; path = ActivityDetailsViewController.swift; sourceTree = "<group>"; };
		98584B0E277E605F0028DBEA /* ActivityDetailsView.swift */ = {isa = PBXFileReference; fileEncoding = 4; lastKnownFileType = sourcecode.swift; path = ActivityDetailsView.swift; sourceTree = "<group>"; };
		98584B19277E60740028DBEA /* ContactListView.swift */ = {isa = PBXFileReference; fileEncoding = 4; lastKnownFileType = sourcecode.swift; path = ContactListView.swift; sourceTree = "<group>"; };
		98584B1A277E60740028DBEA /* ContactListViewController.swift */ = {isa = PBXFileReference; fileEncoding = 4; lastKnownFileType = sourcecode.swift; path = ContactListViewController.swift; sourceTree = "<group>"; };
		B171729F28900C2800356D21 /* AnimatorProtocol.swift */ = {isa = PBXFileReference; lastKnownFileType = sourcecode.swift; path = AnimatorProtocol.swift; sourceTree = "<group>"; };
		B17172A428900C5900356D21 /* FadeAnimatorProtocol.swift */ = {isa = PBXFileReference; lastKnownFileType = sourcecode.swift; path = FadeAnimatorProtocol.swift; sourceTree = "<group>"; };
		B17172A628900C6700356D21 /* AnimationStage.swift */ = {isa = PBXFileReference; lastKnownFileType = sourcecode.swift; path = AnimationStage.swift; sourceTree = "<group>"; };
		B17172A828900C7700356D21 /* FadeAnimator.swift */ = {isa = PBXFileReference; lastKnownFileType = sourcecode.swift; path = FadeAnimator.swift; sourceTree = "<group>"; };
		B17172AA28900C9400356D21 /* PositionAnimatorProtocol.swift */ = {isa = PBXFileReference; lastKnownFileType = sourcecode.swift; path = PositionAnimatorProtocol.swift; sourceTree = "<group>"; };
		B17172AC28900CA700356D21 /* PositionAnimator.swift */ = {isa = PBXFileReference; lastKnownFileType = sourcecode.swift; path = PositionAnimator.swift; sourceTree = "<group>"; };
		B17172AE2890113500356D21 /* VerticalPosition.swift */ = {isa = PBXFileReference; lastKnownFileType = sourcecode.swift; path = VerticalPosition.swift; sourceTree = "<group>"; };
		B17172B12890134900356D21 /* UIColor+Extensions.swift */ = {isa = PBXFileReference; lastKnownFileType = sourcecode.swift; path = "UIColor+Extensions.swift"; sourceTree = "<group>"; };
		B17172B4289018DD00356D21 /* Snackbar+Constant.swift */ = {isa = PBXFileReference; lastKnownFileType = sourcecode.swift; path = "Snackbar+Constant.swift"; sourceTree = "<group>"; };
		B17172B6289018F700356D21 /* Snackbar+State.swift */ = {isa = PBXFileReference; lastKnownFileType = sourcecode.swift; path = "Snackbar+State.swift"; sourceTree = "<group>"; };
		B17172BE28905D4B00356D21 /* LoadableButton.swift */ = {isa = PBXFileReference; lastKnownFileType = sourcecode.swift; path = LoadableButton.swift; sourceTree = "<group>"; };
		B17172C028905D6600356D21 /* MainButton+State.swift */ = {isa = PBXFileReference; lastKnownFileType = sourcecode.swift; path = "MainButton+State.swift"; sourceTree = "<group>"; };
		B17172C52890602E00356D21 /* devpass_button_loading.json */ = {isa = PBXFileReference; fileEncoding = 4; lastKnownFileType = text.json; path = devpass_button_loading.json; sourceTree = "<group>"; };
		B17172D22892324400356D21 /* LottieFiles.swift */ = {isa = PBXFileReference; lastKnownFileType = sourcecode.swift; path = LottieFiles.swift; sourceTree = "<group>"; };
		B187BC2D28934EF1008A2FBA /* ViewCodeProtocol.swift */ = {isa = PBXFileReference; lastKnownFileType = sourcecode.swift; path = ViewCodeProtocol.swift; sourceTree = "<group>"; };
		B1C69DAE288F5A05002896BB /* Snackbar.swift */ = {isa = PBXFileReference; lastKnownFileType = sourcecode.swift; path = Snackbar.swift; sourceTree = "<group>"; };
		B1C69DB4288F6F25002896BB /* SFSymbols.swift */ = {isa = PBXFileReference; lastKnownFileType = sourcecode.swift; path = SFSymbols.swift; sourceTree = "<group>"; };
/* End PBXFileReference section */

/* Begin PBXFrameworksBuildPhase section */
		98584A66277E32C30028DBEA /* Frameworks */ = {
			isa = PBXFrameworksBuildPhase;
			buildActionMask = 2147483647;
			files = (
				FDEAC041288F2FAD00206550 /* Hero in Frameworks */,
				FDEAC047288F2FF700206550 /* Cartography in Frameworks */,
				FDEAC044288F2FE700206550 /* Lottie in Frameworks */,
			);
			runOnlyForDeploymentPostprocessing = 0;
		};
		98584A7C277E32C60028DBEA /* Frameworks */ = {
			isa = PBXFrameworksBuildPhase;
			buildActionMask = 2147483647;
			files = (
			);
			runOnlyForDeploymentPostprocessing = 0;
		};
/* End PBXFrameworksBuildPhase section */

/* Begin PBXGroup section */
		98584A60277E32C30028DBEA = {
			isa = PBXGroup;
			children = (
				98584A6B277E32C30028DBEA /* FinanceApp */,
				98584A82277E32C60028DBEA /* FinanceAppTests */,
				98584A6A277E32C30028DBEA /* Products */,
			);
			sourceTree = "<group>";
		};
		98584A6A277E32C30028DBEA /* Products */ = {
			isa = PBXGroup;
			children = (
				98584A69277E32C30028DBEA /* FinanceApp.app */,
				98584A7F277E32C60028DBEA /* FinanceAppTests.xctest */,
			);
			name = Products;
			sourceTree = "<group>";
		};
		98584A6B277E32C30028DBEA /* FinanceApp */ = {
			isa = PBXGroup;
			children = (
				B1C69DB3288F6F1B002896BB /* Commons */,
				98584A9D277E351B0028DBEA /* Resources */,
				98584A9C277E350D0028DBEA /* AppDelegate */,
				98584A9E277E35700028DBEA /* Modules */,
				98584AF8277E511C0028DBEA /* Components */,
				98584AB8277E374A0028DBEA /* Service */,
			);
			path = FinanceApp;
			sourceTree = "<group>";
		};
		98584A82277E32C60028DBEA /* FinanceAppTests */ = {
			isa = PBXGroup;
			children = (
				98584A83277E32C60028DBEA /* FinanceAppTests.swift */,
			);
			path = FinanceAppTests;
			sourceTree = "<group>";
		};
		98584A9C277E350D0028DBEA /* AppDelegate */ = {
			isa = PBXGroup;
			children = (
				98584A6C277E32C30028DBEA /* AppDelegate.swift */,
				98584A6E277E32C30028DBEA /* SceneDelegate.swift */,
			);
			path = AppDelegate;
			sourceTree = "<group>";
		};
		98584A9D277E351B0028DBEA /* Resources */ = {
			isa = PBXGroup;
			children = (
				B17172C228905FEE00356D21 /* lottieFiles */,
				98584A7A277E32C50028DBEA /* Info.plist */,
				98584A75277E32C50028DBEA /* Assets.xcassets */,
				98584A77277E32C50028DBEA /* LaunchScreen.storyboard */,
			);
			path = Resources;
			sourceTree = "<group>";
		};
		98584A9E277E35700028DBEA /* Modules */ = {
			isa = PBXGroup;
			children = (
				98584B08277E602C0028DBEA /* ContactList */,
				98584ADF277E50430028DBEA /* Confirmation */,
				98584AD1277E50430028DBEA /* Transfers */,
				98584AD8277E50430028DBEA /* UserProfile */,
				98584A9F277E35780028DBEA /* Home */,
				98584B07277E5FF60028DBEA /* ActivityDetails */,
			);
			path = Modules;
			sourceTree = "<group>";
		};
		98584A9F277E35780028DBEA /* Home */ = {
			isa = PBXGroup;
			children = (
				98584AA6277E35F10028DBEA /* HomeView.swift */,
				98584AA4277E35E90028DBEA /* HomeViewController.swift */,
			);
			path = Home;
			sourceTree = "<group>";
		};
		98584AB8277E374A0028DBEA /* Service */ = {
			isa = PBXGroup;
			children = (
				98584AC2277E42E80028DBEA /* FinanceService.swift */,
				98584AC1277E42CB0028DBEA /* Entities */,
			);
			path = Service;
			sourceTree = "<group>";
		};
		98584AC1277E42CB0028DBEA /* Entities */ = {
			isa = PBXGroup;
			children = (
			);
			path = Entities;
			sourceTree = "<group>";
		};
		98584AD1277E50430028DBEA /* Transfers */ = {
			isa = PBXGroup;
			children = (
				98584AD3277E50430028DBEA /* TransfersView.swift */,
				98584AD4277E50430028DBEA /* TransfersViewController.swift */,
			);
			path = Transfers;
			sourceTree = "<group>";
		};
		98584AD8277E50430028DBEA /* UserProfile */ = {
			isa = PBXGroup;
			children = (
				98584ADA277E50430028DBEA /* UserProfileView.swift */,
				98584ADB277E50430028DBEA /* UserProfileViewController.swift */,
			);
			path = UserProfile;
			sourceTree = "<group>";
		};
		98584ADF277E50430028DBEA /* Confirmation */ = {
			isa = PBXGroup;
			children = (
				98584AE1277E50430028DBEA /* ConfirmationView.swift */,
				98584AE2277E50430028DBEA /* ConfirmationViewController.swift */,
			);
			path = Confirmation;
			sourceTree = "<group>";
		};
		98584AF8277E511C0028DBEA /* Components */ = {
			isa = PBXGroup;
			children = (
				B17172BD28905D4500356D21 /* LoadableButton */,
				B17172B3289018C900356D21 /* Snackbar */,
				98584AF9277E51850028DBEA /* HomeHeaderView.swift */,
				98584AFB277E51960028DBEA /* ActivityCellView.swift */,
				98584AFD277E51A70028DBEA /* ActivityListView.swift */,
				98584B03277E51DA0028DBEA /* ContactCellView.swift */,
				98426FA927A6EC8700B09645 /* TabBarController.swift */,
				98426FAB27A6FC8000B09645 /* UserProfileHeaderView.swift */,
			);
			path = Components;
			sourceTree = "<group>";
		};
		98584B07277E5FF60028DBEA /* ActivityDetails */ = {
			isa = PBXGroup;
			children = (
				98584B0E277E605F0028DBEA /* ActivityDetailsView.swift */,
				98584B0A277E605F0028DBEA /* ActivityDetailsViewController.swift */,
			);
			path = ActivityDetails;
			sourceTree = "<group>";
		};
		98584B08277E602C0028DBEA /* ContactList */ = {
			isa = PBXGroup;
			children = (
				98584B19277E60740028DBEA /* ContactListView.swift */,
				98584B1A277E60740028DBEA /* ContactListViewController.swift */,
			);
			path = ContactList;
			sourceTree = "<group>";
		};
		B17172A128900C3900356D21 /* Fade */ = {
			isa = PBXGroup;
			children = (
				B17172A428900C5900356D21 /* FadeAnimatorProtocol.swift */,
				B17172A828900C7700356D21 /* FadeAnimator.swift */,
			);
			path = Fade;
			sourceTree = "<group>";
		};
		B17172A228900C3C00356D21 /* Position */ = {
			isa = PBXGroup;
			children = (
				B17172AA28900C9400356D21 /* PositionAnimatorProtocol.swift */,
				B17172AC28900CA700356D21 /* PositionAnimator.swift */,
			);
			path = Position;
			sourceTree = "<group>";
		};
		B17172A328900C4B00356D21 /* Models */ = {
			isa = PBXGroup;
			children = (
				B17172A628900C6700356D21 /* AnimationStage.swift */,
				B17172AE2890113500356D21 /* VerticalPosition.swift */,
			);
			path = Models;
			sourceTree = "<group>";
		};
		B17172B02890133900356D21 /* Class+Extensions */ = {
			isa = PBXGroup;
			children = (
				B17172B12890134900356D21 /* UIColor+Extensions.swift */,
			);
			path = "Class+Extensions";
			sourceTree = "<group>";
		};
		B17172B3289018C900356D21 /* Snackbar */ = {
			isa = PBXGroup;
			children = (
				B1C69DAE288F5A05002896BB /* Snackbar.swift */,
				B17172B6289018F700356D21 /* Snackbar+State.swift */,
				B17172B4289018DD00356D21 /* Snackbar+Constant.swift */,
			);
			path = Snackbar;
			sourceTree = "<group>";
		};
		B17172BD28905D4500356D21 /* LoadableButton */ = {
			isa = PBXGroup;
			children = (
				B17172BE28905D4B00356D21 /* LoadableButton.swift */,
				B17172C028905D6600356D21 /* MainButton+State.swift */,
			);
			path = LoadableButton;
			sourceTree = "<group>";
		};
		B17172C228905FEE00356D21 /* lottieFiles */ = {
			isa = PBXGroup;
			children = (
				B17172C52890602E00356D21 /* devpass_button_loading.json */,
			);
			path = lottieFiles;
			sourceTree = "<group>";
		};
		B187BC2C28934EDF008A2FBA /* Utils */ = {
			isa = PBXGroup;
			children = (
				B187BC2D28934EF1008A2FBA /* ViewCodeProtocol.swift */,
			);
			path = Utils;
			sourceTree = "<group>";
		};
		B1C69DB3288F6F1B002896BB /* Commons */ = {
			isa = PBXGroup;
			children = (
				B187BC2C28934EDF008A2FBA /* Utils */,
				B17172B02890133900356D21 /* Class+Extensions */,
				B1C69DB828900BF6002896BB /* Constants */,
				B1C69DB628900BCA002896BB /* Animation */,
			);
			path = Commons;
			sourceTree = "<group>";
		};
		B1C69DB628900BCA002896BB /* Animation */ = {
			isa = PBXGroup;
			children = (
				B171729F28900C2800356D21 /* AnimatorProtocol.swift */,
				B17172A328900C4B00356D21 /* Models */,
				B17172A228900C3C00356D21 /* Position */,
				B17172A128900C3900356D21 /* Fade */,
			);
			path = Animation;
			sourceTree = "<group>";
		};
		B1C69DB828900BF6002896BB /* Constants */ = {
			isa = PBXGroup;
			children = (
				B1C69DB4288F6F25002896BB /* SFSymbols.swift */,
				B17172D22892324400356D21 /* LottieFiles.swift */,
			);
			path = Constants;
			sourceTree = "<group>";
		};
/* End PBXGroup section */

/* Begin PBXNativeTarget section */
		98584A68277E32C30028DBEA /* FinanceApp */ = {
			isa = PBXNativeTarget;
			buildConfigurationList = 98584A93277E32C60028DBEA /* Build configuration list for PBXNativeTarget "FinanceApp" */;
			buildPhases = (
				98584A65277E32C30028DBEA /* Sources */,
				98584A66277E32C30028DBEA /* Frameworks */,
				98584A67277E32C30028DBEA /* Resources */,
			);
			buildRules = (
			);
			dependencies = (
			);
			name = FinanceApp;
			packageProductDependencies = (
				FDEAC040288F2FAD00206550 /* Hero */,
				FDEAC043288F2FE700206550 /* Lottie */,
				FDEAC046288F2FF700206550 /* Cartography */,
			);
			productName = FinanceApp;
			productReference = 98584A69277E32C30028DBEA /* FinanceApp.app */;
			productType = "com.apple.product-type.application";
		};
		98584A7E277E32C60028DBEA /* FinanceAppTests */ = {
			isa = PBXNativeTarget;
			buildConfigurationList = 98584A96277E32C60028DBEA /* Build configuration list for PBXNativeTarget "FinanceAppTests" */;
			buildPhases = (
				98584A7B277E32C60028DBEA /* Sources */,
				98584A7C277E32C60028DBEA /* Frameworks */,
				98584A7D277E32C60028DBEA /* Resources */,
			);
			buildRules = (
			);
			dependencies = (
				98584A81277E32C60028DBEA /* PBXTargetDependency */,
			);
			name = FinanceAppTests;
			productName = FinanceAppTests;
			productReference = 98584A7F277E32C60028DBEA /* FinanceAppTests.xctest */;
			productType = "com.apple.product-type.bundle.unit-test";
		};
/* End PBXNativeTarget section */

/* Begin PBXProject section */
		98584A61277E32C30028DBEA /* Project object */ = {
			isa = PBXProject;
			attributes = {
				BuildIndependentTargetsInParallel = 1;
				LastSwiftUpdateCheck = 1320;
				LastUpgradeCheck = 1320;
				TargetAttributes = {
					98584A68277E32C30028DBEA = {
						CreatedOnToolsVersion = 13.2.1;
					};
					98584A7E277E32C60028DBEA = {
						CreatedOnToolsVersion = 13.2.1;
						TestTargetID = 98584A68277E32C30028DBEA;
					};
				};
			};
			buildConfigurationList = 98584A64277E32C30028DBEA /* Build configuration list for PBXProject "FinanceApp" */;
			compatibilityVersion = "Xcode 13.0";
			developmentRegion = en;
			hasScannedForEncodings = 0;
			knownRegions = (
				en,
				Base,
			);
			mainGroup = 98584A60277E32C30028DBEA;
			packageReferences = (
				FDEAC03F288F2FAD00206550 /* XCRemoteSwiftPackageReference "Hero" */,
				FDEAC042288F2FE700206550 /* XCRemoteSwiftPackageReference "lottie-ios" */,
				FDEAC045288F2FF700206550 /* XCRemoteSwiftPackageReference "Cartography" */,
			);
			productRefGroup = 98584A6A277E32C30028DBEA /* Products */;
			projectDirPath = "";
			projectRoot = "";
			targets = (
				98584A68277E32C30028DBEA /* FinanceApp */,
				98584A7E277E32C60028DBEA /* FinanceAppTests */,
			);
		};
/* End PBXProject section */

/* Begin PBXResourcesBuildPhase section */
		98584A67277E32C30028DBEA /* Resources */ = {
			isa = PBXResourcesBuildPhase;
			buildActionMask = 2147483647;
			files = (
				98584A79277E32C50028DBEA /* LaunchScreen.storyboard in Resources */,
				B17172C62890602E00356D21 /* devpass_button_loading.json in Resources */,
				98584A76277E32C50028DBEA /* Assets.xcassets in Resources */,
			);
			runOnlyForDeploymentPostprocessing = 0;
		};
		98584A7D277E32C60028DBEA /* Resources */ = {
			isa = PBXResourcesBuildPhase;
			buildActionMask = 2147483647;
			files = (
			);
			runOnlyForDeploymentPostprocessing = 0;
		};
/* End PBXResourcesBuildPhase section */

/* Begin PBXSourcesBuildPhase section */
		98584A65277E32C30028DBEA /* Sources */ = {
			isa = PBXSourcesBuildPhase;
			buildActionMask = 2147483647;
			files = (
				B17172B7289018F700356D21 /* Snackbar+State.swift in Sources */,
				B17172A928900C7700356D21 /* FadeAnimator.swift in Sources */,
				98584AC3277E42E80028DBEA /* FinanceService.swift in Sources */,
				B17172C128905D6600356D21 /* MainButton+State.swift in Sources */,
				98584B04277E51DA0028DBEA /* ContactCellView.swift in Sources */,
				98584B10277E605F0028DBEA /* ActivityDetailsViewController.swift in Sources */,
				98584AFE277E51A70028DBEA /* ActivityListView.swift in Sources */,
				98584B20277E60740028DBEA /* ContactListViewController.swift in Sources */,
				98584AF4277E50430028DBEA /* ConfirmationViewController.swift in Sources */,
				B17172A728900C6700356D21 /* AnimationStage.swift in Sources */,
				B17172AB28900C9400356D21 /* PositionAnimatorProtocol.swift in Sources */,
				B17172AD28900CA700356D21 /* PositionAnimator.swift in Sources */,
				98584AFC277E51960028DBEA /* ActivityCellView.swift in Sources */,
				98584AFA277E51850028DBEA /* HomeHeaderView.swift in Sources */,
				B17172B22890134900356D21 /* UIColor+Extensions.swift in Sources */,
				98584AE8277E50430028DBEA /* TransfersViewController.swift in Sources */,
				98584B14277E605F0028DBEA /* ActivityDetailsView.swift in Sources */,
				B1C69DAF288F5A05002896BB /* Snackbar.swift in Sources */,
				98584AE7277E50430028DBEA /* TransfersView.swift in Sources */,
				B17172B5289018DE00356D21 /* Snackbar+Constant.swift in Sources */,
				98584AF3277E50430028DBEA /* ConfirmationView.swift in Sources */,
				98584AEE277E50430028DBEA /* UserProfileViewController.swift in Sources */,
				B17172A528900C5900356D21 /* FadeAnimatorProtocol.swift in Sources */,
				B17172AF2890113500356D21 /* VerticalPosition.swift in Sources */,
				98584A6D277E32C30028DBEA /* AppDelegate.swift in Sources */,
				98584A6F277E32C30028DBEA /* SceneDelegate.swift in Sources */,
				98426FAC27A6FC8000B09645 /* UserProfileHeaderView.swift in Sources */,
				98584AA7277E35F10028DBEA /* HomeView.swift in Sources */,
				B17172D32892324400356D21 /* LottieFiles.swift in Sources */,
				98584B1F277E60740028DBEA /* ContactListView.swift in Sources */,
				B17172BF28905D4B00356D21 /* LoadableButton.swift in Sources */,
				B1C69DB5288F6F25002896BB /* SFSymbols.swift in Sources */,
				98584AA5277E35E90028DBEA /* HomeViewController.swift in Sources */,
				98426FAA27A6EC8700B09645 /* TabBarController.swift in Sources */,
				B17172A028900C2800356D21 /* AnimatorProtocol.swift in Sources */,
				B187BC2E28934EF1008A2FBA /* ViewCodeProtocol.swift in Sources */,
				98584AED277E50430028DBEA /* UserProfileView.swift in Sources */,
			);
			runOnlyForDeploymentPostprocessing = 0;
		};
		98584A7B277E32C60028DBEA /* Sources */ = {
			isa = PBXSourcesBuildPhase;
			buildActionMask = 2147483647;
			files = (
				98584A84277E32C60028DBEA /* FinanceAppTests.swift in Sources */,
			);
			runOnlyForDeploymentPostprocessing = 0;
		};
/* End PBXSourcesBuildPhase section */

/* Begin PBXTargetDependency section */
		98584A81277E32C60028DBEA /* PBXTargetDependency */ = {
			isa = PBXTargetDependency;
			target = 98584A68277E32C30028DBEA /* FinanceApp */;
			targetProxy = 98584A80277E32C60028DBEA /* PBXContainerItemProxy */;
		};
/* End PBXTargetDependency section */

/* Begin PBXVariantGroup section */
		98584A77277E32C50028DBEA /* LaunchScreen.storyboard */ = {
			isa = PBXVariantGroup;
			children = (
				98584A78277E32C50028DBEA /* Base */,
			);
			name = LaunchScreen.storyboard;
			sourceTree = "<group>";
		};
/* End PBXVariantGroup section */

/* Begin XCBuildConfiguration section */
		98584A91277E32C60028DBEA /* Debug */ = {
			isa = XCBuildConfiguration;
			buildSettings = {
				ALWAYS_SEARCH_USER_PATHS = NO;
				CLANG_ANALYZER_NONNULL = YES;
				CLANG_ANALYZER_NUMBER_OBJECT_CONVERSION = YES_AGGRESSIVE;
				CLANG_CXX_LANGUAGE_STANDARD = "gnu++17";
				CLANG_CXX_LIBRARY = "libc++";
				CLANG_ENABLE_MODULES = YES;
				CLANG_ENABLE_OBJC_ARC = YES;
				CLANG_ENABLE_OBJC_WEAK = YES;
				CLANG_WARN_BLOCK_CAPTURE_AUTORELEASING = YES;
				CLANG_WARN_BOOL_CONVERSION = YES;
				CLANG_WARN_COMMA = YES;
				CLANG_WARN_CONSTANT_CONVERSION = YES;
				CLANG_WARN_DEPRECATED_OBJC_IMPLEMENTATIONS = YES;
				CLANG_WARN_DIRECT_OBJC_ISA_USAGE = YES_ERROR;
				CLANG_WARN_DOCUMENTATION_COMMENTS = YES;
				CLANG_WARN_EMPTY_BODY = YES;
				CLANG_WARN_ENUM_CONVERSION = YES;
				CLANG_WARN_INFINITE_RECURSION = YES;
				CLANG_WARN_INT_CONVERSION = YES;
				CLANG_WARN_NON_LITERAL_NULL_CONVERSION = YES;
				CLANG_WARN_OBJC_IMPLICIT_RETAIN_SELF = YES;
				CLANG_WARN_OBJC_LITERAL_CONVERSION = YES;
				CLANG_WARN_OBJC_ROOT_CLASS = YES_ERROR;
				CLANG_WARN_QUOTED_INCLUDE_IN_FRAMEWORK_HEADER = YES;
				CLANG_WARN_RANGE_LOOP_ANALYSIS = YES;
				CLANG_WARN_STRICT_PROTOTYPES = YES;
				CLANG_WARN_SUSPICIOUS_MOVE = YES;
				CLANG_WARN_UNGUARDED_AVAILABILITY = YES_AGGRESSIVE;
				CLANG_WARN_UNREACHABLE_CODE = YES;
				CLANG_WARN__DUPLICATE_METHOD_MATCH = YES;
				COPY_PHASE_STRIP = NO;
				DEBUG_INFORMATION_FORMAT = dwarf;
				ENABLE_STRICT_OBJC_MSGSEND = YES;
				ENABLE_TESTABILITY = YES;
				GCC_C_LANGUAGE_STANDARD = gnu11;
				GCC_DYNAMIC_NO_PIC = NO;
				GCC_NO_COMMON_BLOCKS = YES;
				GCC_OPTIMIZATION_LEVEL = 0;
				GCC_PREPROCESSOR_DEFINITIONS = (
					"DEBUG=1",
					"$(inherited)",
				);
				GCC_WARN_64_TO_32_BIT_CONVERSION = YES;
				GCC_WARN_ABOUT_RETURN_TYPE = YES_ERROR;
				GCC_WARN_UNDECLARED_SELECTOR = YES;
				GCC_WARN_UNINITIALIZED_AUTOS = YES_AGGRESSIVE;
				GCC_WARN_UNUSED_FUNCTION = YES;
				GCC_WARN_UNUSED_VARIABLE = YES;
				IPHONEOS_DEPLOYMENT_TARGET = 15.2;
				MTL_ENABLE_DEBUG_INFO = INCLUDE_SOURCE;
				MTL_FAST_MATH = YES;
				ONLY_ACTIVE_ARCH = YES;
				SDKROOT = iphoneos;
				SWIFT_ACTIVE_COMPILATION_CONDITIONS = DEBUG;
				SWIFT_OPTIMIZATION_LEVEL = "-Onone";
			};
			name = Debug;
		};
		98584A92277E32C60028DBEA /* Release */ = {
			isa = XCBuildConfiguration;
			buildSettings = {
				ALWAYS_SEARCH_USER_PATHS = NO;
				CLANG_ANALYZER_NONNULL = YES;
				CLANG_ANALYZER_NUMBER_OBJECT_CONVERSION = YES_AGGRESSIVE;
				CLANG_CXX_LANGUAGE_STANDARD = "gnu++17";
				CLANG_CXX_LIBRARY = "libc++";
				CLANG_ENABLE_MODULES = YES;
				CLANG_ENABLE_OBJC_ARC = YES;
				CLANG_ENABLE_OBJC_WEAK = YES;
				CLANG_WARN_BLOCK_CAPTURE_AUTORELEASING = YES;
				CLANG_WARN_BOOL_CONVERSION = YES;
				CLANG_WARN_COMMA = YES;
				CLANG_WARN_CONSTANT_CONVERSION = YES;
				CLANG_WARN_DEPRECATED_OBJC_IMPLEMENTATIONS = YES;
				CLANG_WARN_DIRECT_OBJC_ISA_USAGE = YES_ERROR;
				CLANG_WARN_DOCUMENTATION_COMMENTS = YES;
				CLANG_WARN_EMPTY_BODY = YES;
				CLANG_WARN_ENUM_CONVERSION = YES;
				CLANG_WARN_INFINITE_RECURSION = YES;
				CLANG_WARN_INT_CONVERSION = YES;
				CLANG_WARN_NON_LITERAL_NULL_CONVERSION = YES;
				CLANG_WARN_OBJC_IMPLICIT_RETAIN_SELF = YES;
				CLANG_WARN_OBJC_LITERAL_CONVERSION = YES;
				CLANG_WARN_OBJC_ROOT_CLASS = YES_ERROR;
				CLANG_WARN_QUOTED_INCLUDE_IN_FRAMEWORK_HEADER = YES;
				CLANG_WARN_RANGE_LOOP_ANALYSIS = YES;
				CLANG_WARN_STRICT_PROTOTYPES = YES;
				CLANG_WARN_SUSPICIOUS_MOVE = YES;
				CLANG_WARN_UNGUARDED_AVAILABILITY = YES_AGGRESSIVE;
				CLANG_WARN_UNREACHABLE_CODE = YES;
				CLANG_WARN__DUPLICATE_METHOD_MATCH = YES;
				COPY_PHASE_STRIP = NO;
				DEBUG_INFORMATION_FORMAT = "dwarf-with-dsym";
				ENABLE_NS_ASSERTIONS = NO;
				ENABLE_STRICT_OBJC_MSGSEND = YES;
				GCC_C_LANGUAGE_STANDARD = gnu11;
				GCC_NO_COMMON_BLOCKS = YES;
				GCC_WARN_64_TO_32_BIT_CONVERSION = YES;
				GCC_WARN_ABOUT_RETURN_TYPE = YES_ERROR;
				GCC_WARN_UNDECLARED_SELECTOR = YES;
				GCC_WARN_UNINITIALIZED_AUTOS = YES_AGGRESSIVE;
				GCC_WARN_UNUSED_FUNCTION = YES;
				GCC_WARN_UNUSED_VARIABLE = YES;
				IPHONEOS_DEPLOYMENT_TARGET = 15.2;
				MTL_ENABLE_DEBUG_INFO = NO;
				MTL_FAST_MATH = YES;
				SDKROOT = iphoneos;
				SWIFT_COMPILATION_MODE = wholemodule;
				SWIFT_OPTIMIZATION_LEVEL = "-O";
				VALIDATE_PRODUCT = YES;
			};
			name = Release;
		};
		98584A94277E32C60028DBEA /* Debug */ = {
			isa = XCBuildConfiguration;
			buildSettings = {
				ASSETCATALOG_COMPILER_APPICON_NAME = AppIcon;
				ASSETCATALOG_COMPILER_GLOBAL_ACCENT_COLOR_NAME = AccentColor;
				CODE_SIGN_STYLE = Automatic;
				CURRENT_PROJECT_VERSION = 1;
				DEVELOPMENT_TEAM = B8F644M47X;
				GENERATE_INFOPLIST_FILE = YES;
				INFOPLIST_FILE = FinanceApp/Resources/Info.plist;
				INFOPLIST_KEY_UIApplicationSupportsIndirectInputEvents = YES;
				INFOPLIST_KEY_UILaunchStoryboardName = LaunchScreen;
				INFOPLIST_KEY_UIMainStoryboardFile = "";
				INFOPLIST_KEY_UISupportedInterfaceOrientations_iPad = "UIInterfaceOrientationPortrait UIInterfaceOrientationPortraitUpsideDown UIInterfaceOrientationLandscapeLeft UIInterfaceOrientationLandscapeRight";
				INFOPLIST_KEY_UISupportedInterfaceOrientations_iPhone = "UIInterfaceOrientationPortrait UIInterfaceOrientationLandscapeLeft UIInterfaceOrientationLandscapeRight";
				LD_RUNPATH_SEARCH_PATHS = (
					"$(inherited)",
					"@executable_path/Frameworks",
				);
				MARKETING_VERSION = 1.0;
				PRODUCT_BUNDLE_IDENTIFIER = com.devpass.FinanceApp;
				PRODUCT_NAME = "$(TARGET_NAME)";
				SWIFT_EMIT_LOC_STRINGS = YES;
				SWIFT_VERSION = 5.0;
				TARGETED_DEVICE_FAMILY = "1,2";
			};
			name = Debug;
		};
		98584A95277E32C60028DBEA /* Release */ = {
			isa = XCBuildConfiguration;
			buildSettings = {
				ASSETCATALOG_COMPILER_APPICON_NAME = AppIcon;
				ASSETCATALOG_COMPILER_GLOBAL_ACCENT_COLOR_NAME = AccentColor;
				CODE_SIGN_STYLE = Automatic;
				CURRENT_PROJECT_VERSION = 1;
				DEVELOPMENT_TEAM = B8F644M47X;
				GENERATE_INFOPLIST_FILE = YES;
				INFOPLIST_FILE = FinanceApp/Resources/Info.plist;
				INFOPLIST_KEY_UIApplicationSupportsIndirectInputEvents = YES;
				INFOPLIST_KEY_UILaunchStoryboardName = LaunchScreen;
				INFOPLIST_KEY_UIMainStoryboardFile = "";
				INFOPLIST_KEY_UISupportedInterfaceOrientations_iPad = "UIInterfaceOrientationPortrait UIInterfaceOrientationPortraitUpsideDown UIInterfaceOrientationLandscapeLeft UIInterfaceOrientationLandscapeRight";
				INFOPLIST_KEY_UISupportedInterfaceOrientations_iPhone = "UIInterfaceOrientationPortrait UIInterfaceOrientationLandscapeLeft UIInterfaceOrientationLandscapeRight";
				LD_RUNPATH_SEARCH_PATHS = (
					"$(inherited)",
					"@executable_path/Frameworks",
				);
				MARKETING_VERSION = 1.0;
				PRODUCT_BUNDLE_IDENTIFIER = com.devpass.FinanceApp;
				PRODUCT_NAME = "$(TARGET_NAME)";
				SWIFT_EMIT_LOC_STRINGS = YES;
				SWIFT_VERSION = 5.0;
				TARGETED_DEVICE_FAMILY = "1,2";
			};
			name = Release;
		};
		98584A97277E32C60028DBEA /* Debug */ = {
			isa = XCBuildConfiguration;
			buildSettings = {
				ALWAYS_EMBED_SWIFT_STANDARD_LIBRARIES = YES;
				BUNDLE_LOADER = "$(TEST_HOST)";
				CODE_SIGN_STYLE = Automatic;
				CURRENT_PROJECT_VERSION = 1;
				DEVELOPMENT_TEAM = B8F644M47X;
				GENERATE_INFOPLIST_FILE = YES;
				IPHONEOS_DEPLOYMENT_TARGET = 15.2;
				MARKETING_VERSION = 1.0;
				PRODUCT_BUNDLE_IDENTIFIER = com.devpass.FinanceAppTests;
				PRODUCT_NAME = "$(TARGET_NAME)";
				SWIFT_EMIT_LOC_STRINGS = NO;
				SWIFT_VERSION = 5.0;
				TARGETED_DEVICE_FAMILY = "1,2";
				TEST_HOST = "$(BUILT_PRODUCTS_DIR)/FinanceApp.app/FinanceApp";
			};
			name = Debug;
		};
		98584A98277E32C60028DBEA /* Release */ = {
			isa = XCBuildConfiguration;
			buildSettings = {
				ALWAYS_EMBED_SWIFT_STANDARD_LIBRARIES = YES;
				BUNDLE_LOADER = "$(TEST_HOST)";
				CODE_SIGN_STYLE = Automatic;
				CURRENT_PROJECT_VERSION = 1;
				DEVELOPMENT_TEAM = B8F644M47X;
				GENERATE_INFOPLIST_FILE = YES;
				IPHONEOS_DEPLOYMENT_TARGET = 15.2;
				MARKETING_VERSION = 1.0;
				PRODUCT_BUNDLE_IDENTIFIER = com.devpass.FinanceAppTests;
				PRODUCT_NAME = "$(TARGET_NAME)";
				SWIFT_EMIT_LOC_STRINGS = NO;
				SWIFT_VERSION = 5.0;
				TARGETED_DEVICE_FAMILY = "1,2";
				TEST_HOST = "$(BUILT_PRODUCTS_DIR)/FinanceApp.app/FinanceApp";
			};
			name = Release;
		};
/* End XCBuildConfiguration section */

/* Begin XCConfigurationList section */
		98584A64277E32C30028DBEA /* Build configuration list for PBXProject "FinanceApp" */ = {
			isa = XCConfigurationList;
			buildConfigurations = (
				98584A91277E32C60028DBEA /* Debug */,
				98584A92277E32C60028DBEA /* Release */,
			);
			defaultConfigurationIsVisible = 0;
			defaultConfigurationName = Release;
		};
		98584A93277E32C60028DBEA /* Build configuration list for PBXNativeTarget "FinanceApp" */ = {
			isa = XCConfigurationList;
			buildConfigurations = (
				98584A94277E32C60028DBEA /* Debug */,
				98584A95277E32C60028DBEA /* Release */,
			);
			defaultConfigurationIsVisible = 0;
			defaultConfigurationName = Release;
		};
		98584A96277E32C60028DBEA /* Build configuration list for PBXNativeTarget "FinanceAppTests" */ = {
			isa = XCConfigurationList;
			buildConfigurations = (
				98584A97277E32C60028DBEA /* Debug */,
				98584A98277E32C60028DBEA /* Release */,
			);
			defaultConfigurationIsVisible = 0;
			defaultConfigurationName = Release;
		};
/* End XCConfigurationList section */

/* Begin XCRemoteSwiftPackageReference section */
		FDEAC03F288F2FAD00206550 /* XCRemoteSwiftPackageReference "Hero" */ = {
			isa = XCRemoteSwiftPackageReference;
			repositoryURL = "https://github.com/HeroTransitions/Hero.git";
			requirement = {
				kind = upToNextMajorVersion;
				minimumVersion = 1.0.0;
			};
		};
		FDEAC042288F2FE700206550 /* XCRemoteSwiftPackageReference "lottie-ios" */ = {
			isa = XCRemoteSwiftPackageReference;
			repositoryURL = "https://github.com/airbnb/lottie-ios.git";
			requirement = {
				kind = upToNextMajorVersion;
				minimumVersion = 3.0.0;
			};
		};
		FDEAC045288F2FF700206550 /* XCRemoteSwiftPackageReference "Cartography" */ = {
			isa = XCRemoteSwiftPackageReference;
			repositoryURL = "https://github.com/robb/Cartography.git";
			requirement = {
				branch = master;
				kind = branch;
			};
		};
/* End XCRemoteSwiftPackageReference section */

/* Begin XCSwiftPackageProductDependency section */
		FDEAC040288F2FAD00206550 /* Hero */ = {
			isa = XCSwiftPackageProductDependency;
			package = FDEAC03F288F2FAD00206550 /* XCRemoteSwiftPackageReference "Hero" */;
			productName = Hero;
		};
		FDEAC043288F2FE700206550 /* Lottie */ = {
			isa = XCSwiftPackageProductDependency;
			package = FDEAC042288F2FE700206550 /* XCRemoteSwiftPackageReference "lottie-ios" */;
			productName = Lottie;
		};
		FDEAC046288F2FF700206550 /* Cartography */ = {
			isa = XCSwiftPackageProductDependency;
			package = FDEAC045288F2FF700206550 /* XCRemoteSwiftPackageReference "Cartography" */;
			productName = Cartography;
		};
/* End XCSwiftPackageProductDependency section */
	};
	rootObject = 98584A61277E32C30028DBEA /* Project object */;
}
