{
  "pins" : [
    {
      "identity" : "cartography",
      "kind" : "remoteSourceControl",
      "location" : "https://github.com/robb/Cartography.git",
      "state" : {
        "branch" : "master",
        "revision" : "d0dc3f340dec22c96255ca385ff4b9e45fbe9b8e"
      }
    },
    {
      "identity" : "lottie-ios",
      "kind" : "remoteSourceControl",
      "location" : "https://github.com/airbnb/lottie-ios.git",
      "state" : {
        "branch" : "master",
        "revision" : "51329d238e32dd492d19370e9a5da087987fec70"
      }
    },
    {
      "identity" : "rive-ios",
      "kind" : "remoteSourceControl",
      "location" : "https://github.com/rive-app/rive-ios.git",
      "state" : {
        "revision" : "4bd77a597c0887688ac589bfdcd6a2ef86523039",
        "version" : "3.0.3"
      }
    }
  ],
  "version" : 2
}
